
Microsoft Visual Studio Solution File, Format Version 12.00
# Visual Studio Version 16
VisualStudioVersion = 16.0.31321.278
MinimumVisualStudioVersion = 10.0.40219.1
Project("{FAE04EC0-301F-11D3-BF4B-00C04F79EFBC}") = "ClassLibraryCodeFirst", "ClassLibraryCodeFirst\ClassLibraryCodeFirst.csproj", "{2236944A-C551-4984-891E-9E5A807F4C89}"
EndProject
Global
	GlobalSection(SolutionConfigurationPlatforms) = preSolution
		Debug|Any CPU = Debug|Any CPU
		Release|Any CPU = Release|Any CPU
	EndGlobalSection
	GlobalSection(ProjectConfigurationPlatforms) = postSolution
		{2236944A-C551-4984-891E-9E5A807F4C89}.Debug|Any CPU.ActiveCfg = Debug|Any CPU
		{2236944A-C551-4984-891E-9E5A807F4C89}.Debug|Any CPU.Build.0 = Debug|Any CPU
		{2236944A-C551-4984-891E-9E5A807F4C89}.Release|Any CPU.ActiveCfg = Release|Any CPU
		{2236944A-C551-4984-891E-9E5A807F4C89}.Release|Any CPU.Build.0 = Release|Any CPU
	EndGlobalSection
	GlobalSection(SolutionProperties) = preSolution
		HideSolutionNode = FALSE
	EndGlobalSection
	GlobalSection(ExtensibilityGlobals) = postSolution
		SolutionGuid = {D45AF43A-3CE6-44BE-93C4-8741B8AD0681}
	EndGlobalSection
EndGlobal
